
Microsoft Visual Studio Solution File, Format Version 12.00
# Visual Studio Version 16
VisualStudioVersion = 16.0.31105.61
MinimumVisualStudioVersion = 10.0.40219.1
Project("{FAE04EC0-301F-11D3-BF4B-00C04F79EFBC}") = "App10.Android", "App10\App10.Android\App10.Android.csproj", "{898D75C5-BFE0-49FA-A3BF-29816932B2E3}"
EndProject
Project("{FAE04EC0-301F-11D3-BF4B-00C04F79EFBC}") = "App10.iOS", "App10\App10.iOS\App10.iOS.csproj", "{1A825821-033A-48D9-A4C8-957B5236A05F}"
EndProject
Project("{9A19103F-16F7-4668-BE54-9A1E7A4F7556}") = "App10", "App10\App10\App10.csproj", "{3890725B-CB9B-4EE6-ADEB-4DB569B70D41}"
EndProject
Global
	GlobalSection(SolutionConfigurationPlatforms) = preSolution
		Debug|Any CPU = Debug|Any CPU
		Debug|iPhone = Debug|iPhone
		Debug|iPhoneSimulator = Debug|iPhoneSimulator
		Release|Any CPU = Release|Any CPU
		Release|iPhone = Release|iPhone
		Release|iPhoneSimulator = Release|iPhoneSimulator
	EndGlobalSection
	GlobalSection(ProjectConfigurationPlatforms) = postSolution
		{898D75C5-BFE0-49FA-A3BF-29816932B2E3}.Debug|Any CPU.ActiveCfg = Debug|Any CPU
		{898D75C5-BFE0-49FA-A3BF-29816932B2E3}.Debug|Any CPU.Build.0 = Debug|Any CPU
		{898D75C5-BFE0-49FA-A3BF-29816932B2E3}.Debug|Any CPU.Deploy.0 = Debug|Any CPU
		{898D75C5-BFE0-49FA-A3BF-29816932B2E3}.Debug|iPhone.ActiveCfg = Debug|Any CPU
		{898D75C5-BFE0-49FA-A3BF-29816932B2E3}.Debug|iPhone.Build.0 = Debug|Any CPU
		{898D75C5-BFE0-49FA-A3BF-29816932B2E3}.Debug|iPhone.Deploy.0 = Debug|Any CPU
		{898D75C5-BFE0-49FA-A3BF-29816932B2E3}.Debug|iPhoneSimulator.ActiveCfg = Debug|Any CPU
		{898D75C5-BFE0-49FA-A3BF-29816932B2E3}.Debug|iPhoneSimulator.Build.0 = Debug|Any CPU
		{898D75C5-BFE0-49FA-A3BF-29816932B2E3}.Debug|iPhoneSimulator.Deploy.0 = Debug|Any CPU
		{898D75C5-BFE0-49FA-A3BF-29816932B2E3}.Release|Any CPU.ActiveCfg = Release|Any CPU
		{898D75C5-BFE0-49FA-A3BF-29816932B2E3}.Release|Any CPU.Build.0 = Release|Any CPU
		{898D75C5-BFE0-49FA-A3BF-29816932B2E3}.Release|Any CPU.Deploy.0 = Release|Any CPU
		{898D75C5-BFE0-49FA-A3BF-29816932B2E3}.Release|iPhone.ActiveCfg = Release|Any CPU
		{898D75C5-BFE0-49FA-A3BF-29816932B2E3}.Release|iPhone.Build.0 = Release|Any CPU
		{898D75C5-BFE0-49FA-A3BF-29816932B2E3}.Release|iPhone.Deploy.0 = Release|Any CPU
		{898D75C5-BFE0-49FA-A3BF-29816932B2E3}.Release|iPhoneSimulator.ActiveCfg = Release|Any CPU
		{898D75C5-BFE0-49FA-A3BF-29816932B2E3}.Release|iPhoneSimulator.Build.0 = Release|Any CPU
		{898D75C5-BFE0-49FA-A3BF-29816932B2E3}.Release|iPhoneSimulator.Deploy.0 = Release|Any CPU
		{1A825821-033A-48D9-A4C8-957B5236A05F}.Debug|Any CPU.ActiveCfg = Debug|iPhoneSimulator
		{1A825821-033A-48D9-A4C8-957B5236A05F}.Debug|Any CPU.Deploy.0 = Debug|iPhoneSimulator
		{1A825821-033A-48D9-A4C8-957B5236A05F}.Debug|iPhone.ActiveCfg = Debug|iPhone
		{1A825821-033A-48D9-A4C8-957B5236A05F}.Debug|iPhone.Build.0 = Debug|iPhone
		{1A825821-033A-48D9-A4C8-957B5236A05F}.Debug|iPhone.Deploy.0 = Debug|iPhone
		{1A825821-033A-48D9-A4C8-957B5236A05F}.Debug|iPhoneSimulator.ActiveCfg = Debug|iPhoneSimulator
		{1A825821-033A-48D9-A4C8-957B5236A05F}.Debug|iPhoneSimulator.Build.0 = Debug|iPhoneSimulator
		{1A825821-033A-48D9-A4C8-957B5236A05F}.Debug|iPhoneSimulator.Deploy.0 = Debug|iPhoneSimulator
		{1A825821-033A-48D9-A4C8-957B5236A05F}.Release|Any CPU.ActiveCfg = Release|iPhoneSimulator
		{1A825821-033A-48D9-A4C8-957B5236A05F}.Release|Any CPU.Build.0 = Release|iPhoneSimulator
		{1A825821-033A-48D9-A4C8-957B5236A05F}.Release|Any CPU.Deploy.0 = Release|iPhoneSimulator
		{1A825821-033A-48D9-A4C8-957B5236A05F}.Release|iPhone.ActiveCfg = Release|iPhone
		{1A825821-033A-48D9-A4C8-957B5236A05F}.Release|iPhone.Build.0 = Release|iPhone
		{1A825821-033A-48D9-A4C8-957B5236A05F}.Release|iPhone.Deploy.0 = Release|iPhone
		{1A825821-033A-48D9-A4C8-957B5236A05F}.Release|iPhoneSimulator.ActiveCfg = Release|iPhoneSimulator
		{1A825821-033A-48D9-A4C8-957B5236A05F}.Release|iPhoneSimulator.Build.0 = Release|iPhoneSimulator
		{1A825821-033A-48D9-A4C8-957B5236A05F}.Release|iPhoneSimulator.Deploy.0 = Release|iPhoneSimulator
		{3890725B-CB9B-4EE6-ADEB-4DB569B70D41}.Debug|Any CPU.ActiveCfg = Debug|Any CPU
		{3890725B-CB9B-4EE6-ADEB-4DB569B70D41}.Debug|Any CPU.Build.0 = Debug|Any CPU
		{3890725B-CB9B-4EE6-ADEB-4DB569B70D41}.Debug|Any CPU.Deploy.0 = Debug|Any CPU
		{3890725B-CB9B-4EE6-ADEB-4DB569B70D41}.Debug|iPhone.ActiveCfg = Debug|Any CPU
		{3890725B-CB9B-4EE6-ADEB-4DB569B70D41}.Debug|iPhone.Build.0 = Debug|Any CPU
		{3890725B-CB9B-4EE6-ADEB-4DB569B70D41}.Debug|iPhone.Deploy.0 = Debug|Any CPU
		{3890725B-CB9B-4EE6-ADEB-4DB569B70D41}.Debug|iPhoneSimulator.ActiveCfg = Debug|Any CPU
		{3890725B-CB9B-4EE6-ADEB-4DB569B70D41}.Debug|iPhoneSimulator.Build.0 = Debug|Any CPU
		{3890725B-CB9B-4EE6-ADEB-4DB569B70D41}.Debug|iPhoneSimulator.Deploy.0 = Debug|Any CPU
		{3890725B-CB9B-4EE6-ADEB-4DB569B70D41}.Release|Any CPU.ActiveCfg = Release|Any CPU
		{3890725B-CB9B-4EE6-ADEB-4DB569B70D41}.Release|Any CPU.Build.0 = Release|Any CPU
		{3890725B-CB9B-4EE6-ADEB-4DB569B70D41}.Release|Any CPU.Deploy.0 = Release|Any CPU
		{3890725B-CB9B-4EE6-ADEB-4DB569B70D41}.Release|iPhone.ActiveCfg = Release|Any CPU
		{3890725B-CB9B-4EE6-ADEB-4DB569B70D41}.Release|iPhone.Build.0 = Release|Any CPU
		{3890725B-CB9B-4EE6-ADEB-4DB569B70D41}.Release|iPhone.Deploy.0 = Release|Any CPU
		{3890725B-CB9B-4EE6-ADEB-4DB569B70D41}.Release|iPhoneSimulator.ActiveCfg = Release|Any CPU
		{3890725B-CB9B-4EE6-ADEB-4DB569B70D41}.Release|iPhoneSimulator.Build.0 = Release|Any CPU
		{3890725B-CB9B-4EE6-ADEB-4DB569B70D41}.Release|iPhoneSimulator.Deploy.0 = Release|Any CPU
	EndGlobalSection
	GlobalSection(SolutionProperties) = preSolution
		HideSolutionNode = FALSE
	EndGlobalSection
	GlobalSection(ExtensibilityGlobals) = postSolution
		SolutionGuid = {973BC02E-7DD5-494A-85F6-97C24B11479F}
	EndGlobalSection
EndGlobal
